Microsoft Visual Studio Solution File, Format Version 12.00
# Visual Studio Version 17
VisualStudioVersion = 17.5.2.0
MinimumVisualStudioVersion = 10.0.40219.1
Project("{FAE04EC0-301F-11D3-BF4B-00C04F79EFBC}") = "BibliotecaProject", "BibliotecaProject.csproj", "{F217268F-4023-6F2F-3973-A81B28691063}"
EndProject
Global
	GlobalSection(SolutionConfigurationPlatforms) = preSolution
		Debug|Any CPU = Debug|Any CPU
		Release|Any CPU = Release|Any CPU
	EndGlobalSection
	GlobalSection(ProjectConfigurationPlatforms) = postSolution
		{F217268F-4023-6F2F-3973-A81B28691063}.Debug|Any CPU.ActiveCfg = Debug|Any CPU
		{F217268F-4023-6F2F-3973-A81B28691063}.Debug|Any CPU.Build.0 = Debug|Any CPU
		{F217268F-4023-6F2F-3973-A81B28691063}.Release|Any CPU.ActiveCfg = Release|Any CPU
		{F217268F-4023-6F2F-3973-A81B28691063}.Release|Any CPU.Build.0 = Release|Any CPU
	EndGlobalSection
	GlobalSection(SolutionProperties) = preSolution
		HideSolutionNode = FALSE
	EndGlobalSection
	GlobalSection(ExtensibilityGlobals) = postSolution
		SolutionGuid = {35FA30F7-CDF0-4756-88EB-C6847911AD87}
	EndGlobalSection
EndGlobal
